
Microsoft Visual Studio Solution File, Format Version 12.00
# Visual Studio Version 17
VisualStudioVersion = 17.10.34607.79
MinimumVisualStudioVersion = 10.0.40219.1
Project("{FAE04EC0-301F-11D3-BF4B-00C04F79EFBC}") = "podgotovka", "podgotovka\podgotovka.csproj", "{04942ED7-7B23-40E5-89CE-022923AFDB7B}"
EndProject
Global
	GlobalSection(SolutionConfigurationPlatforms) = preSolution
		Debug|Any CPU = Debug|Any CPU
		Release|Any CPU = Release|Any CPU
	EndGlobalSection
	GlobalSection(ProjectConfigurationPlatforms) = postSolution
		{04942ED7-7B23-40E5-89CE-022923AFDB7B}.Debug|Any CPU.ActiveCfg = Debug|Any CPU
		{04942ED7-7B23-40E5-89CE-022923AFDB7B}.Debug|Any CPU.Build.0 = Debug|Any CPU
		{04942ED7-7B23-40E5-89CE-022923AFDB7B}.Release|Any CPU.ActiveCfg = Release|Any CPU
		{04942ED7-7B23-40E5-89CE-022923AFDB7B}.Release|Any CPU.Build.0 = Release|Any CPU
	EndGlobalSection
	GlobalSection(SolutionProperties) = preSolution
		HideSolutionNode = FALSE
	EndGlobalSection
	GlobalSection(ExtensibilityGlobals) = postSolution
		SolutionGuid = {DFC2A7F2-C33A-446A-869C-F975F361154D}
	EndGlobalSection
EndGlobal
